schema: '2.0'
stages:
  data_ingestion:
    cmd: python src/data_ingestion.py
    deps:
    - path: config/paths_config.py
      hash: md5
      md5: b706eb7142d6c072a2e99826261bb80b
      size: 708
    - path: src/data_ingestion.py
      hash: md5
      md5: 409b4a929c4d868061cb45efaa6bfc1d
      size: 4052
    outs:
    - path: artifacts/ingested_data
      hash: md5
      md5: dee39e8565dbdc35343721e0436f3b49.dir
      size: 12158068
      nfiles: 2
  data_processing:
    cmd: python src/data_processing.py
    deps:
    - path: config/paths_config.py
      hash: md5
      md5: b706eb7142d6c072a2e99826261bb80b
      size: 708
    - path: src/data_processing.py
      hash: md5
      md5: 487e7b06d229d37b0e4e07c7892c21c4
      size: 4411
    outs:
    - path: artifacts/processed_data
      hash: md5
      md5: 4242b0ef5bbbc1ec9f26163a32917833.dir
      size: 9052140
      nfiles: 1
  feature_engineering:
    cmd: python src/feature_engineering.py
    deps:
    - path: config/paths_config.py
      hash: md5
      md5: b706eb7142d6c072a2e99826261bb80b
      size: 708
    - path: src/feature_engineering.py
      hash: md5
      md5: 40e87681664cc7a9c41119cbedc09ab4
      size: 5414
    - path: utils/helpers.py
      hash: md5
      md5: bd0844aa87d480ddc8d3c30f24cbbdb4
      size: 388
    outs:
    - path: artifacts/engineered_data
      hash: md5
      md5: 4988912669e630232d6b9de2fbb91425.dir
      size: 3503241
      nfiles: 1
  model_training:
    cmd: python src/model_training.py
    deps:
    - path: config/paths_config.py
      hash: md5
      md5: b706eb7142d6c072a2e99826261bb80b
      size: 708
    - path: src/model_training.py
      hash: md5
      md5: 0ab2e05ab583161598684c661c604c58
      size: 6001
    outs:
    - path: artifacts/models
      hash: md5
      md5: 881557cc3f91561979f7ea0b782ce528.dir
      size: 687540
      nfiles: 1
